
Microsoft Visual Studio Solution File, Format Version 12.00
# Visual Studio Version 17
VisualStudioVersion = 17.8.34316.72
MinimumVisualStudioVersion = 10.0.40219.1
Project("{9A19103F-16F7-4668-BE54-9A1E7A4F7556}") = "Contacts_Console_App", "Contacts_Console_App\Contacts_Console_App.csproj", "{9693D879-8CF6-40A0-A124-5881D846E8C3}"
EndProject
Project("{FAE04EC0-301F-11D3-BF4B-00C04F79EFBC}") = "Contacts_Console_App.Tests", "Contacts_Console_App.Tests\Contacts_Console_App.Tests.csproj", "{9C827359-C6F2-471A-B9F8-FF54534C9EA5}"
EndProject
Global
	GlobalSection(SolutionConfigurationPlatforms) = preSolution
		Debug|Any CPU = Debug|Any CPU
		Release|Any CPU = Release|Any CPU
	EndGlobalSection
	GlobalSection(ProjectConfigurationPlatforms) = postSolution
		{9693D879-8CF6-40A0-A124-5881D846E8C3}.Debug|Any CPU.ActiveCfg = Debug|Any CPU
		{9693D879-8CF6-40A0-A124-5881D846E8C3}.Debug|Any CPU.Build.0 = Debug|Any CPU
		{9693D879-8CF6-40A0-A124-5881D846E8C3}.Release|Any CPU.ActiveCfg = Release|Any CPU
		{9693D879-8CF6-40A0-A124-5881D846E8C3}.Release|Any CPU.Build.0 = Release|Any CPU
		{9C827359-C6F2-471A-B9F8-FF54534C9EA5}.Debug|Any CPU.ActiveCfg = Debug|Any CPU
		{9C827359-C6F2-471A-B9F8-FF54534C9EA5}.Debug|Any CPU.Build.0 = Debug|Any CPU
		{9C827359-C6F2-471A-B9F8-FF54534C9EA5}.Release|Any CPU.ActiveCfg = Release|Any CPU
		{9C827359-C6F2-471A-B9F8-FF54534C9EA5}.Release|Any CPU.Build.0 = Release|Any CPU
	EndGlobalSection
	GlobalSection(SolutionProperties) = preSolution
		HideSolutionNode = FALSE
	EndGlobalSection
	GlobalSection(ExtensibilityGlobals) = postSolution
		SolutionGuid = {B93AC9A9-D4A2-42A5-945C-8E54EADE98BF}
	EndGlobalSection
EndGlobal
